
Microsoft Visual Studio Solution File, Format Version 12.00
# Visual Studio Version 16
VisualStudioVersion = 16.0.31205.134
MinimumVisualStudioVersion = 10.0.40219.1
Project("{FAE04EC0-301F-11D3-BF4B-00C04F79EFBC}") = "ClassAgenda", "ClassAgenda\ClassAgenda.csproj", "{0EF0D587-C8D0-4FAC-A253-F83D66CA8917}"
EndProject
Project("{FAE04EC0-301F-11D3-BF4B-00C04F79EFBC}") = "AgendaRepositorio", "AgendaRepositorio\AgendaRepositorio.csproj", "{96B8FBEA-328D-491E-B30D-AEBB7864F645}"
EndProject
Project("{FAE04EC0-301F-11D3-BF4B-00C04F79EFBC}") = "ConsoleAmigo", "ConsoleAmigo\ConsoleAmigo.csproj", "{A2E03F50-0386-488D-87B0-4AAF81054C1C}"
EndProject
Global
	GlobalSection(SolutionConfigurationPlatforms) = preSolution
		Debug|Any CPU = Debug|Any CPU
		Release|Any CPU = Release|Any CPU
	EndGlobalSection
	GlobalSection(ProjectConfigurationPlatforms) = postSolution
		{0EF0D587-C8D0-4FAC-A253-F83D66CA8917}.Debug|Any CPU.ActiveCfg = Debug|Any CPU
		{0EF0D587-C8D0-4FAC-A253-F83D66CA8917}.Debug|Any CPU.Build.0 = Debug|Any CPU
		{0EF0D587-C8D0-4FAC-A253-F83D66CA8917}.Release|Any CPU.ActiveCfg = Release|Any CPU
		{0EF0D587-C8D0-4FAC-A253-F83D66CA8917}.Release|Any CPU.Build.0 = Release|Any CPU
		{96B8FBEA-328D-491E-B30D-AEBB7864F645}.Debug|Any CPU.ActiveCfg = Debug|Any CPU
		{96B8FBEA-328D-491E-B30D-AEBB7864F645}.Debug|Any CPU.Build.0 = Debug|Any CPU
		{96B8FBEA-328D-491E-B30D-AEBB7864F645}.Release|Any CPU.ActiveCfg = Release|Any CPU
		{96B8FBEA-328D-491E-B30D-AEBB7864F645}.Release|Any CPU.Build.0 = Release|Any CPU
		{A2E03F50-0386-488D-87B0-4AAF81054C1C}.Debug|Any CPU.ActiveCfg = Debug|Any CPU
		{A2E03F50-0386-488D-87B0-4AAF81054C1C}.Debug|Any CPU.Build.0 = Debug|Any CPU
		{A2E03F50-0386-488D-87B0-4AAF81054C1C}.Release|Any CPU.ActiveCfg = Release|Any CPU
		{A2E03F50-0386-488D-87B0-4AAF81054C1C}.Release|Any CPU.Build.0 = Release|Any CPU
	EndGlobalSection
	GlobalSection(SolutionProperties) = preSolution
		HideSolutionNode = FALSE
	EndGlobalSection
	GlobalSection(ExtensibilityGlobals) = postSolution
		SolutionGuid = {D8B519C5-7008-46DA-B502-21F4BB805EB0}
	EndGlobalSection
EndGlobal
